
Microsoft Visual Studio Solution File, Format Version 12.00
# Visual Studio Version 16
VisualStudioVersion = 16.0.29318.209
MinimumVisualStudioVersion = 10.0.40219.1
Project("{FAE04EC0-301F-11D3-BF4B-00C04F79EFBC}") = "APIAngular", "APIAngular\APIAngular.csproj", "{711D73C9-A808-43DB-81E9-D9F859C745F7}"
EndProject
Global
	GlobalSection(SolutionConfigurationPlatforms) = preSolution
		Debug|Any CPU = Debug|Any CPU
		Release|Any CPU = Release|Any CPU
	EndGlobalSection
	GlobalSection(ProjectConfigurationPlatforms) = postSolution
		{711D73C9-A808-43DB-81E9-D9F859C745F7}.Debug|Any CPU.ActiveCfg = Debug|Any CPU
		{711D73C9-A808-43DB-81E9-D9F859C745F7}.Debug|Any CPU.Build.0 = Debug|Any CPU
		{711D73C9-A808-43DB-81E9-D9F859C745F7}.Release|Any CPU.ActiveCfg = Release|Any CPU
		{711D73C9-A808-43DB-81E9-D9F859C745F7}.Release|Any CPU.Build.0 = Release|Any CPU
	EndGlobalSection
	GlobalSection(SolutionProperties) = preSolution
		HideSolutionNode = FALSE
	EndGlobalSection
	GlobalSection(ExtensibilityGlobals) = postSolution
		SolutionGuid = {1A001EA3-B058-4581-BC3C-838A306BFD2D}
	EndGlobalSection
EndGlobal
